{
  "nodes": {
    "nixpkgs": {
      "locked": {
        "lastModified": 1609195487,
        "narHash": "sha256-aPIOE71N3o6C7bTuJuTnaGjMKz5UFbmin4zYLUCL9QU=",
        "owner": "NixOS",
        "repo": "nixpkgs",
        "rev": "32ee74c0c9ad1f6d1563a15acd1dd942728d67d0",
        "type": "github"
      },
      "original": {
        "id": "nixpkgs",
        "type": "indirect"
      }
    },
    "root": {
      "inputs": {
        "nixpkgs": "nixpkgs",
        "zdharma/history-search-multi-word": "zdharma/history-search-multi-word"
      }
    },
    "zdharma/history-search-multi-word": {
      "flake": false,
      "locked": {
        "lastModified": 1594754186,
        "narHash": "sha256-/c6unIAoe5W0rnfskwBFHi5qD5IiKqx/9824xdOOEmw=",
        "owner": "zdharma",
        "repo": "history-search-multi-word",
        "rev": "f4efe71dbfae5f027c08f8ff8e8dca9bc946601c",
        "type": "github"
      },
      "original": {
        "owner": "zdharma",
        "repo": "history-search-multi-word",
        "type": "github"
      }
    }
  },
  "root": "root",
  "version": 7
}
